{
  "version": 4,
  "terraform_version": "1.8.3",
  "serial": 675,
  "lineage": "45a090d9-ce06-19f9-ae61-bcc202143668",
  "outputs": {
    "backend_ecr": {
      "value": "777209926144.dkr.ecr.us-east-1.amazonaws.com/backend",
      "type": "string"
    },
    "cluster_name": {
      "value": "cluster",
      "type": "string"
    },
    "cluster_version": {
      "value": "1.25",
      "type": "string"
    },
    "frontend_ecr": {
      "value": "777209926144.dkr.ecr.us-east-1.amazonaws.com/frontend",
      "type": "string"
    },
    "github_action_user_arn": {
      "value": "arn:aws:iam::777209926144:user/github-action-user",
      "type": "string"
    }
  },
  "resources": [
    {
      "mode": "data",
      "type": "aws_iam_policy_document",
      "name": "assume_role_policy",
      "provider": "provider[\"registry.terraform.io/hashicorp/aws\"]",
      "instances": [
        {
          "schema_version": 0,
          "attributes": {
            "id": "1903849331",
            "json": "{\n  \"Version\": \"2012-10-17\",\n  \"Statement\": [\n    {\n      \"Sid\": \"\",\n      \"Effect\": \"Allow\",\n      \"Action\": \"sts:AssumeRole\",\n      \"Principal\": {\n        \"Service\": \"ec2.amazonaws.com\"\n      }\n    }\n  ]\n}",
            "override_json": null,
            "override_policy_documents": null,
            "policy_id": null,
            "source_json": null,
            "source_policy_documents": null,
            "statement": [
              {
                "actions": [
                  "sts:AssumeRole"
                ],
                "condition": [],
                "effect": "Allow",
                "not_actions": [],
                "not_principals": [],
                "not_resources": [],
                "principals": [
                  {
                    "identifiers": [
                      "ec2.amazonaws.com"
                    ],
                    "type": "Service"
                  }
                ],
                "resources": [],
                "sid": ""
              }
            ],
            "version": "2012-10-17"
          },
          "sensitive_attributes": []
        }
      ]
    },
    {
      "mode": "data",
      "type": "aws_iam_policy_document",
      "name": "github_policy",
      "provider": "provider[\"registry.terraform.io/hashicorp/aws\"]",
      "instances": [
        {
          "schema_version": 0,
          "attributes": {
            "id": "734760284",
            "json": "{\n  \"Version\": \"2012-10-17\",\n  \"Statement\": [\n    {\n      \"Sid\": \"\",\n      \"Effect\": \"Allow\",\n      \"Action\": [\n        \"iam:GetUser\",\n        \"eks:*\",\n        \"ecr:*\",\n        \"ec2:*\"\n      ],\n      \"Resource\": \"*\"\n    }\n  ]\n}",
            "override_json": null,
            "override_policy_documents": null,
            "policy_id": null,
            "source_json": null,
            "source_policy_documents": null,
            "statement": [
              {
                "actions": [
                  "ec2:*",
                  "ecr:*",
                  "eks:*",
                  "iam:GetUser"
                ],
                "condition": [],
                "effect": "Allow",
                "not_actions": [],
                "not_principals": [],
                "not_resources": [],
                "principals": [],
                "resources": [
                  "*"
                ],
                "sid": ""
              }
            ],
            "version": "2012-10-17"
          },
          "sensitive_attributes": []
        }
      ]
    },
    {
      "mode": "data",
      "type": "aws_ssm_parameter",
      "name": "eks_ami_release_version",
      "provider": "provider[\"registry.terraform.io/hashicorp/aws\"]",
      "instances": [
        {
          "schema_version": 0,
          "attributes": {
            "arn": "arn:aws:ssm:us-east-1::parameter/aws/service/eks/optimized-ami/1.25/amazon-linux-2/recommended/release_version",
            "id": "/aws/service/eks/optimized-ami/1.25/amazon-linux-2/recommended/release_version",
            "name": "/aws/service/eks/optimized-ami/1.25/amazon-linux-2/recommended/release_version",
            "type": "String",
            "value": "1.25.16-20240514",
            "version": 40,
            "with_decryption": true
          },
          "sensitive_attributes": [
            [
              {
                "type": "get_attr",
                "value": "value"
              }
            ]
          ]
        }
      ]
    },
    {
      "mode": "managed",
      "type": "aws_codebuild_project",
      "name": "codebuild",
      "provider": "provider[\"registry.terraform.io/hashicorp/aws\"]",
      "instances": [
        {
          "schema_version": 0,
          "attributes": {
            "arn": "arn:aws:codebuild:us-east-1:777209926144:project/udacity",
            "artifacts": [
              {
                "artifact_identifier": "",
                "bucket_owner_access": "",
                "encryption_disabled": false,
                "location": "",
                "name": "",
                "namespace_type": "",
                "override_artifact_name": false,
                "packaging": "",
                "path": "",
                "type": "NO_ARTIFACTS"
              }
            ],
            "badge_enabled": false,
            "badge_url": "",
            "build_batch_config": [],
            "build_timeout": 60,
            "cache": [
              {
                "location": "",
                "modes": null,
                "type": "NO_CACHE"
              }
            ],
            "concurrent_build_limit": 0,
            "description": "Udacity CodeBuild project",
            "encryption_key": "arn:aws:kms:us-east-1:777209926144:alias/aws/s3",
            "environment": [
              {
                "certificate": "",
                "compute_type": "BUILD_GENERAL1_SMALL",
                "environment_variable": [],
                "image": "aws/codebuild/standard:5.0",
                "image_pull_credentials_type": "CODEBUILD",
                "privileged_mode": true,
                "registry_credential": [],
                "type": "LINUX_CONTAINER"
              }
            ],
            "file_system_locations": [],
            "id": "arn:aws:codebuild:us-east-1:777209926144:project/udacity",
            "logs_config": [
              {
                "cloudwatch_logs": [
                  {
                    "group_name": "",
                    "status": "ENABLED",
                    "stream_name": ""
                  }
                ],
                "s3_logs": [
                  {
                    "bucket_owner_access": "",
                    "encryption_disabled": false,
                    "location": "",
                    "status": "DISABLED"
                  }
                ]
              }
            ],
            "name": "udacity",
            "project_visibility": "PRIVATE",
            "public_project_alias": "",
            "queued_timeout": 480,
            "resource_access_role": "",
            "secondary_artifacts": [],
            "secondary_source_version": [],
            "secondary_sources": [],
            "service_role": "arn:aws:iam::777209926144:role/codebuild-role",
            "source": [
              {
                "auth": [],
                "build_status_config": [],
                "buildspec": "buildspec.yml",
                "git_clone_depth": 1,
                "git_submodules_config": [],
                "insecure_ssl": false,
                "location": "https://github.com/your-org/your-repo",
                "report_build_status": false,
                "type": "GITHUB"
              }
            ],
            "source_version": "",
            "tags": null,
            "tags_all": {},
            "vpc_config": []
          },
          "sensitive_attributes": [],
          "private": "bnVsbA==",
          "dependencies": [
            "aws_iam_role.codebuild"
          ]
        }
      ]
    },
    {
      "mode": "managed",
      "type": "aws_ecr_repository",
      "name": "backend",
      "provider": "provider[\"registry.terraform.io/hashicorp/aws\"]",
      "instances": [
        {
          "schema_version": 0,
          "attributes": {
            "arn": "arn:aws:ecr:us-east-1:777209926144:repository/backend",
            "encryption_configuration": [
              {
                "encryption_type": "AES256",
                "kms_key": ""
              }
            ],
            "force_delete": true,
            "id": "backend",
            "image_scanning_configuration": [
              {
                "scan_on_push": true
              }
            ],
            "image_tag_mutability": "MUTABLE",
            "name": "backend",
            "registry_id": "777209926144",
            "repository_url": "777209926144.dkr.ecr.us-east-1.amazonaws.com/backend",
            "tags": null,
            "tags_all": {},
            "timeouts": null
          },
          "sensitive_attributes": [],
          "private": "eyJlMmJmYjczMC1lY2FhLTExZTYtOGY4OC0zNDM2M2JjN2M0YzAiOnsiZGVsZXRlIjoxMjAwMDAwMDAwMDAwfX0="
        }
      ]
    },
    {
      "mode": "managed",
      "type": "aws_ecr_repository",
      "name": "frontend",
      "provider": "provider[\"registry.terraform.io/hashicorp/aws\"]",
      "instances": [
        {
          "schema_version": 0,
          "attributes": {
            "arn": "arn:aws:ecr:us-east-1:777209926144:repository/frontend",
            "encryption_configuration": [
              {
                "encryption_type": "AES256",
                "kms_key": ""
              }
            ],
            "force_delete": true,
            "id": "frontend",
            "image_scanning_configuration": [
              {
                "scan_on_push": true
              }
            ],
            "image_tag_mutability": "MUTABLE",
            "name": "frontend",
            "registry_id": "777209926144",
            "repository_url": "777209926144.dkr.ecr.us-east-1.amazonaws.com/frontend",
            "tags": null,
            "tags_all": {},
            "timeouts": null
          },
          "sensitive_attributes": [],
          "private": "eyJlMmJmYjczMC1lY2FhLTExZTYtOGY4OC0zNDM2M2JjN2M0YzAiOnsiZGVsZXRlIjoxMjAwMDAwMDAwMDAwfX0="
        }
      ]
    },
    {
      "mode": "managed",
      "type": "aws_eks_cluster",
      "name": "main",
      "provider": "provider[\"registry.terraform.io/hashicorp/aws\"]",
      "instances": [
        {
          "schema_version": 0,
          "attributes": {
            "arn": "arn:aws:eks:us-east-1:777209926144:cluster/cluster",
            "certificate_authority": [
              {
                "data": "LS0tLS1CRUdJTiBDRVJUSUZJQ0FURS0tLS0tCk1JSURCVENDQWUyZ0F3SUJBZ0lJT0crTzM1WUhOeGt3RFFZSktvWklodmNOQVFFTEJRQXdGVEVUTUJFR0ExVUUKQXhNS2EzVmlaWEp1WlhSbGN6QWVGdzB5TkRBMU1qZ3dPREUxTkRSYUZ3MHpOREExTWpZd09ESXdORFJhTUJVeApFekFSQmdOVkJBTVRDbXQxWW1WeWJtVjBaWE13Z2dFaU1BMEdDU3FHU0liM0RRRUJBUVVBQTRJQkR3QXdnZ0VLCkFvSUJBUURBZUtSYm43NVhyakV4bGJ1Zm5iSHlVblVGY1lwTCtJdzdjTHFveWdJSWZ5UzVqR3ZXNHVJQjVhdSsKcVR4Ry9TN0ZJSEdHWFA3NzV4VXNXZUxRaTVPbkZiZURrb3N1K1VIb0NvZU54RGpESFdXa1g5L1VGNDRXbWxnaApjRWxBZHZONENFMjZwVU9YV0pyWDJWcjB4K21ERy9hKzFkRGt5L1Qyc2p2R2k2cGVDbllES1A0RnBIQ0pTKzcyCjZocVphdzBWYWovbmV5RGxGQlhoaFZJT3V1aDhZZzFlZFB4TEJmWmg4M2EwMVpTbDRSalNQUVowS2hXMWZrMmgKaCtuM1lJRVdaNUlXOHRJR1R1UDdLa3dHZkFkNkF0bk02UlBnNi9Na1FtY2N5UW9GZnVvUll5Rno3NkNxSlpKcQpScFZmYytTUTVTVnJXYVc2bXZjN2tsUnQ1eHIzQWdNQkFBR2pXVEJYTUE0R0ExVWREd0VCL3dRRUF3SUNwREFQCkJnTlZIUk1CQWY4RUJUQURBUUgvTUIwR0ExVWREZ1FXQkJSU1ZTeGRKakZmSzlOVGljZnQ2YVVsM0ZxaURqQVYKQmdOVkhSRUVEakFNZ2dwcmRXSmxjbTVsZEdWek1BMEdDU3FHU0liM0RRRUJDd1VBQTRJQkFRQXVIbUViSnhsWQpPai9zMVRtVlpwaFpMK01sdS9LdVZMNzcwWGV3RFdIV21rTTVKWFdyRzZDbnh2ZlAwYzBPOEVPQzd3Ui9QWE5YCnY1UGRvVVlmdWltUmhuZEpSV2ROZWN6ZkMweXQzR1RxSnJtR1BueCtScFNUN21iMGxkNFpkU29DT0dFMnB1dXYKTWVsa3d2K21vQXp0YXFMV1B4ZVl4YTR1cUQzOGdxOXpzdForc0ZFTVJSckJtSEJhdURYS0hhbk5UM1JSWXQ3dQpib0xiY3dwUG5XZ2FEbWZySFA1WWhSYjZHcUE2ZVMrNlU0a3Iyd2lkNlk0OXVFZG5DanM4TDB0NS9jQVZIWFVuCnNaRzVxLzVmazJ6SGxPTnQ2dkVxamFlek1wWnBqdFowenA2Rytyb04rcnB6dld5OXhHWUlEajFVaERCdHBBaFIKK0dCTEFlSkVTM3hPCi0tLS0tRU5EIENFUlRJRklDQVRFLS0tLS0K"
              }
            ],
            "cluster_id": null,
            "created_at": "2024-05-28 08:15:29.515 +0000 UTC",
            "enabled_cluster_log_types": null,
            "encryption_config": [],
            "endpoint": "https://B0451D16DEF1232B759550A3C60CDC28.gr7.us-east-1.eks.amazonaws.com",
            "id": "cluster",
            "identity": [
              {
                "oidc": [
                  {
                    "issuer": "https://oidc.eks.us-east-1.amazonaws.com/id/B0451D16DEF1232B759550A3C60CDC28"
                  }
                ]
              }
            ],
            "kubernetes_network_config": [
              {
                "ip_family": "ipv4",
                "service_ipv4_cidr": "172.20.0.0/16",
                "service_ipv6_cidr": ""
              }
            ],
            "name": "cluster",
            "outpost_config": [],
            "platform_version": "eks.19",
            "role_arn": "arn:aws:iam::777209926144:role/eks_cluster_role",
            "status": "ACTIVE",
            "tags": null,
            "tags_all": {},
            "timeouts": null,
            "version": "1.25",
            "vpc_config": [
              {
                "cluster_security_group_id": "sg-00e9e0daf19704384",
                "endpoint_private_access": true,
                "endpoint_public_access": true,
                "public_access_cidrs": [
                  "0.0.0.0/0"
                ],
                "security_group_ids": null,
                "subnet_ids": [
                  "subnet-0e9ed8fd6a6c969dc",
                  "subnet-0f1fa8c5c4c077c8b"
                ],
                "vpc_id": "vpc-01b946d3211705d79"
              }
            ]
          },
          "sensitive_attributes": [],
          "private": "eyJlMmJmYjczMC1lY2FhLTExZTYtOGY4OC0zNDM2M2JjN2M0YzAiOnsiY3JlYXRlIjoxODAwMDAwMDAwMDAwLCJkZWxldGUiOjkwMDAwMDAwMDAwMCwidXBkYXRlIjozNjAwMDAwMDAwMDAwfX0=",
          "dependencies": [
            "aws_iam_role.eks_cluster",
            "aws_iam_role_policy_attachment.eks_cluster",
            "aws_iam_role_policy_attachment.eks_service",
            "aws_subnet.private_subnet",
            "aws_subnet.public_subnet",
            "aws_vpc.vpc"
          ]
        }
      ]
    },
    {
      "mode": "managed",
      "type": "aws_eks_node_group",
      "name": "main",
      "provider": "provider[\"registry.terraform.io/hashicorp/aws\"]",
      "instances": [
        {
          "schema_version": 0,
          "attributes": {
            "ami_type": "AL2_x86_64",
            "arn": "arn:aws:eks:us-east-1:777209926144:nodegroup/cluster/udacity/86c7df27-414d-5281-cf30-203faba40cbd",
            "capacity_type": "ON_DEMAND",
            "cluster_name": "cluster",
            "disk_size": 20,
            "force_update_version": null,
            "id": "cluster:udacity",
            "instance_types": [
              "t3.small"
            ],
            "labels": null,
            "launch_template": [],
            "node_group_name": "udacity",
            "node_group_name_prefix": "",
            "node_role_arn": "arn:aws:iam::777209926144:role/udacity-node-group",
            "release_version": "1.25.16-20240514",
            "remote_access": [],
            "resources": [
              {
                "autoscaling_groups": [
                  {
                    "name": "eks-udacity-86c7df27-414d-5281-cf30-203faba40cbd"
                  }
                ],
                "remote_access_security_group_id": ""
              }
            ],
            "scaling_config": [
              {
                "desired_size": 1,
                "max_size": 1,
                "min_size": 1
              }
            ],
            "status": "ACTIVE",
            "subnet_ids": [
              "subnet-0e9ed8fd6a6c969dc"
            ],
            "tags": null,
            "tags_all": {},
            "taint": [],
            "timeouts": null,
            "update_config": [
              {
                "max_unavailable": 1,
                "max_unavailable_percentage": 0
              }
            ],
            "version": "1.25"
          },
          "sensitive_attributes": [],
          "private": "eyJlMmJmYjczMC1lY2FhLTExZTYtOGY4OC0zNDM2M2JjN2M0YzAiOnsiY3JlYXRlIjozNjAwMDAwMDAwMDAwLCJkZWxldGUiOjM2MDAwMDAwMDAwMDAsInVwZGF0ZSI6MzYwMDAwMDAwMDAwMH19",
          "dependencies": [
            "aws_eks_cluster.main",
            "aws_iam_role.eks_cluster",
            "aws_iam_role.node_group",
            "aws_iam_role_policy_attachment.cni_policy",
            "aws_iam_role_policy_attachment.ecr_policy",
            "aws_iam_role_policy_attachment.eks_cluster",
            "aws_iam_role_policy_attachment.eks_service",
            "aws_iam_role_policy_attachment.node_group_policy",
            "aws_subnet.private_subnet",
            "aws_subnet.public_subnet",
            "aws_vpc.vpc",
            "data.aws_iam_policy_document.assume_role_policy",
            "data.aws_ssm_parameter.eks_ami_release_version"
          ]
        }
      ]
    },
    {
      "mode": "managed",
      "type": "aws_iam_role",
      "name": "codebuild",
      "provider": "provider[\"registry.terraform.io/hashicorp/aws\"]",
      "instances": [
        {
          "schema_version": 0,
          "attributes": {
            "arn": "arn:aws:iam::777209926144:role/codebuild-role",
            "assume_role_policy": "{\"Statement\":[{\"Action\":\"sts:AssumeRole\",\"Effect\":\"Allow\",\"Principal\":{\"Service\":\"codebuild.amazonaws.com\"}}],\"Version\":\"2012-10-17\"}",
            "create_date": "2024-05-28T08:14:55Z",
            "description": "",
            "force_detach_policies": false,
            "id": "codebuild-role",
            "inline_policy": [],
            "managed_policy_arns": [],
            "max_session_duration": 3600,
            "name": "codebuild-role",
            "name_prefix": "",
            "path": "/",
            "permissions_boundary": null,
            "tags": null,
            "tags_all": {},
            "unique_id": "AROA3J5KSKIALAULNS2AR"
          },
          "sensitive_attributes": [],
          "private": "bnVsbA=="
        }
      ]
    },
    {
      "mode": "managed",
      "type": "aws_iam_role",
      "name": "eks_cluster",
      "provider": "provider[\"registry.terraform.io/hashicorp/aws\"]",
      "instances": [
        {
          "schema_version": 0,
          "attributes": {
            "arn": "arn:aws:iam::777209926144:role/eks_cluster_role",
            "assume_role_policy": "{\"Statement\":[{\"Action\":\"sts:AssumeRole\",\"Effect\":\"Allow\",\"Principal\":{\"Service\":\"eks.amazonaws.com\"}}],\"Version\":\"2012-10-17\"}",
            "create_date": "2024-05-28T08:14:55Z",
            "description": "",
            "force_detach_policies": false,
            "id": "eks_cluster_role",
            "inline_policy": [],
            "managed_policy_arns": [],
            "max_session_duration": 3600,
            "name": "eks_cluster_role",
            "name_prefix": "",
            "path": "/",
            "permissions_boundary": null,
            "tags": null,
            "tags_all": {},
            "unique_id": "AROA3J5KSKIALKOXZJ23X"
          },
          "sensitive_attributes": [],
          "private": "bnVsbA=="
        }
      ]
    },
    {
      "mode": "managed",
      "type": "aws_iam_role",
      "name": "node_group",
      "provider": "provider[\"registry.terraform.io/hashicorp/aws\"]",
      "instances": [
        {
          "schema_version": 0,
          "attributes": {
            "arn": "arn:aws:iam::777209926144:role/udacity-node-group",
            "assume_role_policy": "{\"Statement\":[{\"Action\":\"sts:AssumeRole\",\"Effect\":\"Allow\",\"Principal\":{\"Service\":\"ec2.amazonaws.com\"},\"Sid\":\"\"}],\"Version\":\"2012-10-17\"}",
            "create_date": "2024-05-28T08:14:55Z",
            "description": "",
            "force_detach_policies": false,
            "id": "udacity-node-group",
            "inline_policy": [],
            "managed_policy_arns": [],
            "max_session_duration": 3600,
            "name": "udacity-node-group",
            "name_prefix": "",
            "path": "/",
            "permissions_boundary": null,
            "tags": null,
            "tags_all": {},
            "unique_id": "AROA3J5KSKIAL6H7G6LS3"
          },
          "sensitive_attributes": [],
          "private": "bnVsbA==",
          "dependencies": [
            "data.aws_iam_policy_document.assume_role_policy"
          ]
        }
      ]
    },
    {
      "mode": "managed",
      "type": "aws_iam_role_policy_attachment",
      "name": "cni_policy",
      "provider": "provider[\"registry.terraform.io/hashicorp/aws\"]",
      "instances": [
        {
          "schema_version": 0,
          "attributes": {
            "id": "udacity-node-group-20240528081456487500000003",
            "policy_arn": "arn:aws:iam::aws:policy/AmazonEKS_CNI_Policy",
            "role": "udacity-node-group"
          },
          "sensitive_attributes": [],
          "private": "bnVsbA==",
          "dependencies": [
            "aws_iam_role.node_group",
            "data.aws_iam_policy_document.assume_role_policy"
          ]
        }
      ]
    },
    {
      "mode": "managed",
      "type": "aws_iam_role_policy_attachment",
      "name": "codebuild",
      "provider": "provider[\"registry.terraform.io/hashicorp/aws\"]",
      "instances": [
        {
          "schema_version": 0,
          "attributes": {
            "id": "codebuild-role-20240528081456881800000007",
            "policy_arn": "arn:aws:iam::aws:policy/AWSCodeBuildAdminAccess",
            "role": "codebuild-role"
          },
          "sensitive_attributes": [],
          "private": "bnVsbA==",
          "dependencies": [
            "aws_iam_role.codebuild"
          ]
        }
      ]
    },
    {
      "mode": "managed",
      "type": "aws_iam_role_policy_attachment",
      "name": "ecr_policy",
      "provider": "provider[\"registry.terraform.io/hashicorp/aws\"]",
      "instances": [
        {
          "schema_version": 0,
          "attributes": {
            "id": "udacity-node-group-20240528081456491000000004",
            "policy_arn": "arn:aws:iam::aws:policy/AmazonEC2ContainerRegistryReadOnly",
            "role": "udacity-node-group"
          },
          "sensitive_attributes": [],
          "private": "bnVsbA==",
          "dependencies": [
            "aws_iam_role.node_group",
            "data.aws_iam_policy_document.assume_role_policy"
          ]
        }
      ]
    },
    {
      "mode": "managed",
      "type": "aws_iam_role_policy_attachment",
      "name": "eks_cluster",
      "provider": "provider[\"registry.terraform.io/hashicorp/aws\"]",
      "instances": [
        {
          "schema_version": 0,
          "attributes": {
            "id": "eks_cluster_role-20240528081456526100000005",
            "policy_arn": "arn:aws:iam::aws:policy/AmazonEKSClusterPolicy",
            "role": "eks_cluster_role"
          },
          "sensitive_attributes": [],
          "private": "bnVsbA==",
          "dependencies": [
            "aws_iam_role.eks_cluster"
          ]
        }
      ]
    },
    {
      "mode": "managed",
      "type": "aws_iam_role_policy_attachment",
      "name": "eks_service",
      "provider": "provider[\"registry.terraform.io/hashicorp/aws\"]",
      "instances": [
        {
          "schema_version": 0,
          "attributes": {
            "id": "eks_cluster_role-20240528081456809900000006",
            "policy_arn": "arn:aws:iam::aws:policy/AmazonEKSServicePolicy",
            "role": "eks_cluster_role"
          },
          "sensitive_attributes": [],
          "private": "bnVsbA==",
          "dependencies": [
            "aws_iam_role.eks_cluster"
          ]
        }
      ]
    },
    {
      "mode": "managed",
      "type": "aws_iam_role_policy_attachment",
      "name": "node_group_policy",
      "provider": "provider[\"registry.terraform.io/hashicorp/aws\"]",
      "instances": [
        {
          "schema_version": 0,
          "attributes": {
            "id": "udacity-node-group-20240528081456440400000002",
            "policy_arn": "arn:aws:iam::aws:policy/AmazonEKSWorkerNodePolicy",
            "role": "udacity-node-group"
          },
          "sensitive_attributes": [],
          "private": "bnVsbA==",
          "dependencies": [
            "aws_iam_role.node_group",
            "data.aws_iam_policy_document.assume_role_policy"
          ]
        }
      ]
    },
    {
      "mode": "managed",
      "type": "aws_iam_user",
      "name": "github_action_user",
      "provider": "provider[\"registry.terraform.io/hashicorp/aws\"]",
      "instances": [
        {
          "schema_version": 0,
          "attributes": {
            "arn": "arn:aws:iam::777209926144:user/github-action-user",
            "force_destroy": false,
            "id": "github-action-user",
            "name": "github-action-user",
            "path": "/",
            "permissions_boundary": null,
            "tags": null,
            "tags_all": {},
            "unique_id": "AIDA3J5KSKIAO3XANR7U2"
          },
          "sensitive_attributes": [],
          "private": "bnVsbA=="
        }
      ]
    },
    {
      "mode": "managed",
      "type": "aws_iam_user_policy",
      "name": "github_action_user_permission",
      "provider": "provider[\"registry.terraform.io/hashicorp/aws\"]",
      "instances": [
        {
          "schema_version": 0,
          "attributes": {
            "id": "github-action-user:terraform-20240528081455501800000001",
            "name": null,
            "name_prefix": null,
            "policy": "{\"Version\":\"2012-10-17\",\"Statement\":[{\"Action\":[\"iam:GetUser\",\"eks:*\",\"ecr:*\",\"ec2:*\"],\"Effect\":\"Allow\",\"Resource\":\"*\",\"Sid\":\"\"}]}",
            "user": "github-action-user"
          },
          "sensitive_attributes": [],
          "private": "bnVsbA==",
          "dependencies": [
            "aws_iam_user.github_action_user",
            "data.aws_iam_policy_document.github_policy"
          ]
        }
      ]
    },
    {
      "mode": "managed",
      "type": "aws_internet_gateway",
      "name": "igw",
      "provider": "provider[\"registry.terraform.io/hashicorp/aws\"]",
      "instances": [
        {
          "schema_version": 0,
          "attributes": {
            "arn": "arn:aws:ec2:us-east-1:777209926144:internet-gateway/igw-0fe29167b58be2941",
            "id": "igw-0fe29167b58be2941",
            "owner_id": "777209926144",
            "tags": null,
            "tags_all": {},
            "timeouts": null,
            "vpc_id": "vpc-01b946d3211705d79"
          },
          "sensitive_attributes": [],
          "private": "eyJlMmJmYjczMC1lY2FhLTExZTYtOGY4OC0zNDM2M2JjN2M0YzAiOnsiY3JlYXRlIjoxMjAwMDAwMDAwMDAwLCJkZWxldGUiOjEyMDAwMDAwMDAwMDAsInVwZGF0ZSI6MTIwMDAwMDAwMDAwMH19",
          "dependencies": [
            "aws_vpc.vpc"
          ]
        }
      ]
    },
    {
      "mode": "managed",
      "type": "aws_route_table",
      "name": "private",
      "provider": "provider[\"registry.terraform.io/hashicorp/aws\"]",
      "instances": [
        {
          "schema_version": 0,
          "attributes": {
            "arn": "arn:aws:ec2:us-east-1:777209926144:route-table/rtb-0bc3e277c0ab6a1e6",
            "id": "rtb-0bc3e277c0ab6a1e6",
            "owner_id": "777209926144",
            "propagating_vgws": [],
            "route": [],
            "tags": {
              "Name": "private"
            },
            "tags_all": {
              "Name": "private"
            },
            "timeouts": null,
            "vpc_id": "vpc-01b946d3211705d79"
          },
          "sensitive_attributes": [],
          "private": "eyJlMmJmYjczMC1lY2FhLTExZTYtOGY4OC0zNDM2M2JjN2M0YzAiOnsiY3JlYXRlIjozMDAwMDAwMDAwMDAsImRlbGV0ZSI6MzAwMDAwMDAwMDAwLCJ1cGRhdGUiOjEyMDAwMDAwMDAwMH19",
          "dependencies": [
            "aws_vpc.vpc"
          ]
        }
      ]
    },
    {
      "mode": "managed",
      "type": "aws_route_table",
      "name": "public",
      "provider": "provider[\"registry.terraform.io/hashicorp/aws\"]",
      "instances": [
        {
          "schema_version": 0,
          "attributes": {
            "arn": "arn:aws:ec2:us-east-1:777209926144:route-table/rtb-02b430dad78b9622e",
            "id": "rtb-02b430dad78b9622e",
            "owner_id": "777209926144",
            "propagating_vgws": [],
            "route": [
              {
                "carrier_gateway_id": "",
                "cidr_block": "0.0.0.0/0",
                "core_network_arn": "",
                "destination_prefix_list_id": "",
                "egress_only_gateway_id": "",
                "gateway_id": "igw-0fe29167b58be2941",
                "instance_id": "",
                "ipv6_cidr_block": "",
                "local_gateway_id": "",
                "nat_gateway_id": "",
                "network_interface_id": "",
                "transit_gateway_id": "",
                "vpc_endpoint_id": "",
                "vpc_peering_connection_id": ""
              }
            ],
            "tags": {
              "Name": "public"
            },
            "tags_all": {
              "Name": "public"
            },
            "timeouts": null,
            "vpc_id": "vpc-01b946d3211705d79"
          },
          "sensitive_attributes": [],
          "private": "eyJlMmJmYjczMC1lY2FhLTExZTYtOGY4OC0zNDM2M2JjN2M0YzAiOnsiY3JlYXRlIjozMDAwMDAwMDAwMDAsImRlbGV0ZSI6MzAwMDAwMDAwMDAwLCJ1cGRhdGUiOjEyMDAwMDAwMDAwMH19",
          "dependencies": [
            "aws_internet_gateway.igw",
            "aws_vpc.vpc"
          ]
        }
      ]
    },
    {
      "mode": "managed",
      "type": "aws_route_table_association",
      "name": "private",
      "provider": "provider[\"registry.terraform.io/hashicorp/aws\"]",
      "instances": [
        {
          "schema_version": 0,
          "attributes": {
            "gateway_id": "",
            "id": "rtbassoc-0d707b436a68ac4ae",
            "route_table_id": "rtb-0bc3e277c0ab6a1e6",
            "subnet_id": "subnet-0f1fa8c5c4c077c8b"
          },
          "sensitive_attributes": [],
          "private": "bnVsbA==",
          "dependencies": [
            "aws_route_table.private",
            "aws_subnet.private_subnet",
            "aws_vpc.vpc"
          ]
        }
      ]
    },
    {
      "mode": "managed",
      "type": "aws_route_table_association",
      "name": "public",
      "provider": "provider[\"registry.terraform.io/hashicorp/aws\"]",
      "instances": [
        {
          "schema_version": 0,
          "attributes": {
            "gateway_id": "",
            "id": "rtbassoc-086dba8f654830d62",
            "route_table_id": "rtb-02b430dad78b9622e",
            "subnet_id": "subnet-0e9ed8fd6a6c969dc"
          },
          "sensitive_attributes": [],
          "private": "bnVsbA==",
          "dependencies": [
            "aws_internet_gateway.igw",
            "aws_route_table.public",
            "aws_subnet.public_subnet",
            "aws_vpc.vpc"
          ]
        }
      ]
    },
    {
      "mode": "managed",
      "type": "aws_subnet",
      "name": "private_subnet",
      "provider": "provider[\"registry.terraform.io/hashicorp/aws\"]",
      "instances": [
        {
          "schema_version": 1,
          "attributes": {
            "arn": "arn:aws:ec2:us-east-1:777209926144:subnet/subnet-0f1fa8c5c4c077c8b",
            "assign_ipv6_address_on_creation": false,
            "availability_zone": "us-east-1b",
            "availability_zone_id": "use1-az2",
            "cidr_block": "10.0.2.0/24",
            "customer_owned_ipv4_pool": "",
            "enable_dns64": false,
            "enable_resource_name_dns_a_record_on_launch": false,
            "enable_resource_name_dns_aaaa_record_on_launch": false,
            "id": "subnet-0f1fa8c5c4c077c8b",
            "ipv6_cidr_block": "",
            "ipv6_cidr_block_association_id": "",
            "ipv6_native": false,
            "map_customer_owned_ip_on_launch": false,
            "map_public_ip_on_launch": false,
            "outpost_arn": "",
            "owner_id": "777209926144",
            "private_dns_hostname_type_on_launch": "ip-name",
            "tags": {
              "Name": "udacity-private"
            },
            "tags_all": {
              "Name": "udacity-private"
            },
            "timeouts": null,
            "vpc_id": "vpc-01b946d3211705d79"
          },
          "sensitive_attributes": [],
          "private": "eyJlMmJmYjczMC1lY2FhLTExZTYtOGY4OC0zNDM2M2JjN2M0YzAiOnsiY3JlYXRlIjo2MDAwMDAwMDAwMDAsImRlbGV0ZSI6MTIwMDAwMDAwMDAwMH0sInNjaGVtYV92ZXJzaW9uIjoiMSJ9",
          "dependencies": [
            "aws_vpc.vpc"
          ]
        }
      ]
    },
    {
      "mode": "managed",
      "type": "aws_subnet",
      "name": "public_subnet",
      "provider": "provider[\"registry.terraform.io/hashicorp/aws\"]",
      "instances": [
        {
          "schema_version": 1,
          "attributes": {
            "arn": "arn:aws:ec2:us-east-1:777209926144:subnet/subnet-0e9ed8fd6a6c969dc",
            "assign_ipv6_address_on_creation": false,
            "availability_zone": "us-east-1a",
            "availability_zone_id": "use1-az1",
            "cidr_block": "10.0.1.0/24",
            "customer_owned_ipv4_pool": "",
            "enable_dns64": false,
            "enable_resource_name_dns_a_record_on_launch": false,
            "enable_resource_name_dns_aaaa_record_on_launch": false,
            "id": "subnet-0e9ed8fd6a6c969dc",
            "ipv6_cidr_block": "",
            "ipv6_cidr_block_association_id": "",
            "ipv6_native": false,
            "map_customer_owned_ip_on_launch": false,
            "map_public_ip_on_launch": true,
            "outpost_arn": "",
            "owner_id": "777209926144",
            "private_dns_hostname_type_on_launch": "ip-name",
            "tags": {
              "Name": "udacity-public"
            },
            "tags_all": {
              "Name": "udacity-public"
            },
            "timeouts": null,
            "vpc_id": "vpc-01b946d3211705d79"
          },
          "sensitive_attributes": [],
          "private": "eyJlMmJmYjczMC1lY2FhLTExZTYtOGY4OC0zNDM2M2JjN2M0YzAiOnsiY3JlYXRlIjo2MDAwMDAwMDAwMDAsImRlbGV0ZSI6MTIwMDAwMDAwMDAwMH0sInNjaGVtYV92ZXJzaW9uIjoiMSJ9",
          "dependencies": [
            "aws_vpc.vpc"
          ]
        }
      ]
    },
    {
      "mode": "managed",
      "type": "aws_vpc",
      "name": "vpc",
      "provider": "provider[\"registry.terraform.io/hashicorp/aws\"]",
      "instances": [
        {
          "schema_version": 1,
          "attributes": {
            "arn": "arn:aws:ec2:us-east-1:777209926144:vpc/vpc-01b946d3211705d79",
            "assign_generated_ipv6_cidr_block": false,
            "cidr_block": "10.0.0.0/16",
            "default_network_acl_id": "acl-08b07f51d3622e779",
            "default_route_table_id": "rtb-01ed2ca83c00394e5",
            "default_security_group_id": "sg-0f83f03377547d47b",
            "dhcp_options_id": "dopt-038951eff530348a0",
            "enable_classiclink": false,
            "enable_classiclink_dns_support": false,
            "enable_dns_hostnames": true,
            "enable_dns_support": true,
            "enable_network_address_usage_metrics": false,
            "id": "vpc-01b946d3211705d79",
            "instance_tenancy": "default",
            "ipv4_ipam_pool_id": null,
            "ipv4_netmask_length": null,
            "ipv6_association_id": "",
            "ipv6_cidr_block": "",
            "ipv6_cidr_block_network_border_group": "",
            "ipv6_ipam_pool_id": "",
            "ipv6_netmask_length": 0,
            "main_route_table_id": "rtb-01ed2ca83c00394e5",
            "owner_id": "777209926144",
            "tags": {
              "Name": "udacity"
            },
            "tags_all": {
              "Name": "udacity"
            }
          },
          "sensitive_attributes": [],
          "private": "eyJzY2hlbWFfdmVyc2lvbiI6IjEifQ=="
        }
      ]
    }
  ],
  "check_results": null
}
